
Microsoft Visual Studio Solution File, Format Version 12.00
# Visual Studio Version 17
VisualStudioVersion = 17.9.34701.34
MinimumVisualStudioVersion = 10.0.40219.1
Project("{9A19103F-16F7-4668-BE54-9A1E7A4F7556}") = "Silicon_1", "Silicon_1\Silicon_1.csproj", "{B4B7A50D-7E15-49F1-B8B6-7500FAA854DA}"
EndProject
Project("{9A19103F-16F7-4668-BE54-9A1E7A4F7556}") = "Infrastructure", "Infrastructure\Infrastructure.csproj", "{672C6327-DE05-4C07-AECB-01A1DFC9C90D}"
EndProject
Global
	GlobalSection(SolutionConfigurationPlatforms) = preSolution
		Debug|Any CPU = Debug|Any CPU
		Release|Any CPU = Release|Any CPU
	EndGlobalSection
	GlobalSection(ProjectConfigurationPlatforms) = postSolution
		{B4B7A50D-7E15-49F1-B8B6-7500FAA854DA}.Debug|Any CPU.ActiveCfg = Debug|Any CPU
		{B4B7A50D-7E15-49F1-B8B6-7500FAA854DA}.Debug|Any CPU.Build.0 = Debug|Any CPU
		{B4B7A50D-7E15-49F1-B8B6-7500FAA854DA}.Release|Any CPU.ActiveCfg = Release|Any CPU
		{B4B7A50D-7E15-49F1-B8B6-7500FAA854DA}.Release|Any CPU.Build.0 = Release|Any CPU
		{672C6327-DE05-4C07-AECB-01A1DFC9C90D}.Debug|Any CPU.ActiveCfg = Debug|Any CPU
		{672C6327-DE05-4C07-AECB-01A1DFC9C90D}.Debug|Any CPU.Build.0 = Debug|Any CPU
		{672C6327-DE05-4C07-AECB-01A1DFC9C90D}.Release|Any CPU.ActiveCfg = Release|Any CPU
		{672C6327-DE05-4C07-AECB-01A1DFC9C90D}.Release|Any CPU.Build.0 = Release|Any CPU
	EndGlobalSection
	GlobalSection(SolutionProperties) = preSolution
		HideSolutionNode = FALSE
	EndGlobalSection
	GlobalSection(ExtensibilityGlobals) = postSolution
		SolutionGuid = {909B481F-DC47-43EC-AA62-56FE5E9DDE46}
	EndGlobalSection
EndGlobal
